
Microsoft Visual Studio Solution File, Format Version 12.00
# Visual Studio 15
VisualStudioVersion = 15.0.27130.2036
MinimumVisualStudioVersion = 10.0.40219.1
Project("{FAE04EC0-301F-11D3-BF4B-00C04F79EFBC}") = "Ekhteear", "Ekhteear\Ekhteear.csproj", "{56A6FAAB-E88B-4D96-A4F9-72B25515F4BC}"
EndProject
Global
	GlobalSection(SolutionConfigurationPlatforms) = preSolution
		Debug|Any CPU = Debug|Any CPU
		Release|Any CPU = Release|Any CPU
	EndGlobalSection
	GlobalSection(ProjectConfigurationPlatforms) = postSolution
		{56A6FAAB-E88B-4D96-A4F9-72B25515F4BC}.Debug|Any CPU.ActiveCfg = Debug|Any CPU
		{56A6FAAB-E88B-4D96-A4F9-72B25515F4BC}.Debug|Any CPU.Build.0 = Debug|Any CPU
		{56A6FAAB-E88B-4D96-A4F9-72B25515F4BC}.Release|Any CPU.ActiveCfg = Release|Any CPU
		{56A6FAAB-E88B-4D96-A4F9-72B25515F4BC}.Release|Any CPU.Build.0 = Release|Any CPU
	EndGlobalSection
	GlobalSection(SolutionProperties) = preSolution
		HideSolutionNode = FALSE
	EndGlobalSection
	GlobalSection(ExtensibilityGlobals) = postSolution
		SolutionGuid = {3116DFA0-66CD-449E-8B70-8CE4689FB1FC}
	EndGlobalSection
EndGlobal
